
Microsoft Visual Studio Solution File, Format Version 12.00
# Visual Studio Version 17
VisualStudioVersion = 17.9.34728.123
MinimumVisualStudioVersion = 10.0.40219.1
Project("{2150E333-8FDC-42A3-9474-1A3956D46DE8}") = "Services", "Services", "{EAEC4F13-5C21-4F50-9D30-63DC074783F1}"
EndProject
Project("{2150E333-8FDC-42A3-9474-1A3956D46DE8}") = "Catalog", "Catalog", "{3B48DB89-7655-432C-B7CA-36B840D51D23}"
EndProject
Project("{FAE04EC0-301F-11D3-BF4B-00C04F79EFBC}") = "ShopApp.Catalog", "Services\Catalog\ShopApp.Catalog\ShopApp.Catalog.csproj", "{0D0E1430-6E97-4387-B6F7-F2270FD33C1A}"
EndProject
Global
	GlobalSection(SolutionConfigurationPlatforms) = preSolution
		Debug|Any CPU = Debug|Any CPU
		Release|Any CPU = Release|Any CPU
	EndGlobalSection
	GlobalSection(ProjectConfigurationPlatforms) = postSolution
		{0D0E1430-6E97-4387-B6F7-F2270FD33C1A}.Debug|Any CPU.ActiveCfg = Debug|Any CPU
		{0D0E1430-6E97-4387-B6F7-F2270FD33C1A}.Debug|Any CPU.Build.0 = Debug|Any CPU
		{0D0E1430-6E97-4387-B6F7-F2270FD33C1A}.Release|Any CPU.ActiveCfg = Release|Any CPU
		{0D0E1430-6E97-4387-B6F7-F2270FD33C1A}.Release|Any CPU.Build.0 = Release|Any CPU
	EndGlobalSection
	GlobalSection(SolutionProperties) = preSolution
		HideSolutionNode = FALSE
	EndGlobalSection
	GlobalSection(NestedProjects) = preSolution
		{3B48DB89-7655-432C-B7CA-36B840D51D23} = {EAEC4F13-5C21-4F50-9D30-63DC074783F1}
		{0D0E1430-6E97-4387-B6F7-F2270FD33C1A} = {3B48DB89-7655-432C-B7CA-36B840D51D23}
	EndGlobalSection
	GlobalSection(ExtensibilityGlobals) = postSolution
		SolutionGuid = {FE7DB758-89DC-4C7B-8E71-39D955DC6679}
	EndGlobalSection
EndGlobal
