
Microsoft Visual Studio Solution File, Format Version 12.00
# Visual Studio Version 17
VisualStudioVersion = 17.9.34728.123
MinimumVisualStudioVersion = 10.0.40219.1
Project("{2150E333-8FDC-42A3-9474-1A3956D46DE8}") = "Services", "Services", "{EAEC4F13-5C21-4F50-9D30-63DC074783F1}"
EndProject
Project("{2150E333-8FDC-42A3-9474-1A3956D46DE8}") = "Catalog", "Catalog", "{3B48DB89-7655-432C-B7CA-36B840D51D23}"
EndProject
Project("{9A19103F-16F7-4668-BE54-9A1E7A4F7556}") = "ShopApp.Catalog", "Services\Catalog\ShopApp.Catalog\ShopApp.Catalog.csproj", "{0D0E1430-6E97-4387-B6F7-F2270FD33C1A}"
EndProject
Project("{2150E333-8FDC-42A3-9474-1A3956D46DE8}") = "Discount", "Discount", "{31F6FB2B-3166-4A9C-9AA4-DF4AD863B10B}"
EndProject
Project("{9A19103F-16F7-4668-BE54-9A1E7A4F7556}") = "ShopApp.Discount", "Services\Discount\ShopApp.Discount\ShopApp.Discount.csproj", "{412BE449-A00E-48E2-BF5A-8DAEBBC3DFBF}"
EndProject
Project("{2150E333-8FDC-42A3-9474-1A3956D46DE8}") = "Order", "Order", "{D064791A-815B-46C4-B5C3-1C16E216C22D}"
EndProject
Project("{2150E333-8FDC-42A3-9474-1A3956D46DE8}") = "Core", "Core", "{5CA8AF3C-E3E6-42CD-B9A3-5C2173DDC80A}"
EndProject
Project("{2150E333-8FDC-42A3-9474-1A3956D46DE8}") = "Infrastructure", "Infrastructure", "{67CFEDF1-A703-463E-A474-0DE36CE43829}"
EndProject
Project("{2150E333-8FDC-42A3-9474-1A3956D46DE8}") = "Presentation", "Presentation", "{61F4A8BD-9965-482A-AB44-CD401A7901F4}"
EndProject
Project("{FAE04EC0-301F-11D3-BF4B-00C04F79EFBC}") = "ShopApp.Order.Domain", "Services\Order\Core\ShopApp.Order.Domain\ShopApp.Order.Domain.csproj", "{5FC7ADBD-C8FB-4C53-9DC0-2CF2FB255592}"
EndProject
Project("{FAE04EC0-301F-11D3-BF4B-00C04F79EFBC}") = "ShopApp.Order.Application", "Services\Order\Core\ShopApp.Order.Application\ShopApp.Order.Application.csproj", "{6FAC567F-3A85-41FC-92B0-4BA27807AB8A}"
EndProject
Project("{FAE04EC0-301F-11D3-BF4B-00C04F79EFBC}") = "ShopApp.Order.Persistence", "Services\Order\Infrastructure\ShopApp.Order.Persistance\ShopApp.Order.Persistence.csproj", "{EB8BBB3A-3F36-43E1-AAE9-548CE2DE0348}"
EndProject
Project("{FAE04EC0-301F-11D3-BF4B-00C04F79EFBC}") = "ShopApp.Order.WepApi", "Services\Order\Presentation\ShopApp.Order.WepApi\ShopApp.Order.WepApi.csproj", "{6C00C591-BCF9-454C-A539-0AA4FADEF259}"
EndProject
Global
	GlobalSection(SolutionConfigurationPlatforms) = preSolution
		Debug|Any CPU = Debug|Any CPU
		Release|Any CPU = Release|Any CPU
	EndGlobalSection
	GlobalSection(ProjectConfigurationPlatforms) = postSolution
		{0D0E1430-6E97-4387-B6F7-F2270FD33C1A}.Debug|Any CPU.ActiveCfg = Debug|Any CPU
		{0D0E1430-6E97-4387-B6F7-F2270FD33C1A}.Debug|Any CPU.Build.0 = Debug|Any CPU
		{0D0E1430-6E97-4387-B6F7-F2270FD33C1A}.Release|Any CPU.ActiveCfg = Release|Any CPU
		{0D0E1430-6E97-4387-B6F7-F2270FD33C1A}.Release|Any CPU.Build.0 = Release|Any CPU
		{412BE449-A00E-48E2-BF5A-8DAEBBC3DFBF}.Debug|Any CPU.ActiveCfg = Debug|Any CPU
		{412BE449-A00E-48E2-BF5A-8DAEBBC3DFBF}.Debug|Any CPU.Build.0 = Debug|Any CPU
		{412BE449-A00E-48E2-BF5A-8DAEBBC3DFBF}.Release|Any CPU.ActiveCfg = Release|Any CPU
		{412BE449-A00E-48E2-BF5A-8DAEBBC3DFBF}.Release|Any CPU.Build.0 = Release|Any CPU
		{5FC7ADBD-C8FB-4C53-9DC0-2CF2FB255592}.Debug|Any CPU.ActiveCfg = Debug|Any CPU
		{5FC7ADBD-C8FB-4C53-9DC0-2CF2FB255592}.Debug|Any CPU.Build.0 = Debug|Any CPU
		{5FC7ADBD-C8FB-4C53-9DC0-2CF2FB255592}.Release|Any CPU.ActiveCfg = Release|Any CPU
		{5FC7ADBD-C8FB-4C53-9DC0-2CF2FB255592}.Release|Any CPU.Build.0 = Release|Any CPU
		{6FAC567F-3A85-41FC-92B0-4BA27807AB8A}.Debug|Any CPU.ActiveCfg = Debug|Any CPU
		{6FAC567F-3A85-41FC-92B0-4BA27807AB8A}.Debug|Any CPU.Build.0 = Debug|Any CPU
		{6FAC567F-3A85-41FC-92B0-4BA27807AB8A}.Release|Any CPU.ActiveCfg = Release|Any CPU
		{6FAC567F-3A85-41FC-92B0-4BA27807AB8A}.Release|Any CPU.Build.0 = Release|Any CPU
		{EB8BBB3A-3F36-43E1-AAE9-548CE2DE0348}.Debug|Any CPU.ActiveCfg = Debug|Any CPU
		{EB8BBB3A-3F36-43E1-AAE9-548CE2DE0348}.Debug|Any CPU.Build.0 = Debug|Any CPU
		{EB8BBB3A-3F36-43E1-AAE9-548CE2DE0348}.Release|Any CPU.ActiveCfg = Release|Any CPU
		{EB8BBB3A-3F36-43E1-AAE9-548CE2DE0348}.Release|Any CPU.Build.0 = Release|Any CPU
		{6C00C591-BCF9-454C-A539-0AA4FADEF259}.Debug|Any CPU.ActiveCfg = Debug|Any CPU
		{6C00C591-BCF9-454C-A539-0AA4FADEF259}.Debug|Any CPU.Build.0 = Debug|Any CPU
		{6C00C591-BCF9-454C-A539-0AA4FADEF259}.Release|Any CPU.ActiveCfg = Release|Any CPU
		{6C00C591-BCF9-454C-A539-0AA4FADEF259}.Release|Any CPU.Build.0 = Release|Any CPU
	EndGlobalSection
	GlobalSection(SolutionProperties) = preSolution
		HideSolutionNode = FALSE
	EndGlobalSection
	GlobalSection(NestedProjects) = preSolution
		{3B48DB89-7655-432C-B7CA-36B840D51D23} = {EAEC4F13-5C21-4F50-9D30-63DC074783F1}
		{0D0E1430-6E97-4387-B6F7-F2270FD33C1A} = {3B48DB89-7655-432C-B7CA-36B840D51D23}
		{31F6FB2B-3166-4A9C-9AA4-DF4AD863B10B} = {EAEC4F13-5C21-4F50-9D30-63DC074783F1}
		{412BE449-A00E-48E2-BF5A-8DAEBBC3DFBF} = {31F6FB2B-3166-4A9C-9AA4-DF4AD863B10B}
		{D064791A-815B-46C4-B5C3-1C16E216C22D} = {EAEC4F13-5C21-4F50-9D30-63DC074783F1}
		{5CA8AF3C-E3E6-42CD-B9A3-5C2173DDC80A} = {D064791A-815B-46C4-B5C3-1C16E216C22D}
		{67CFEDF1-A703-463E-A474-0DE36CE43829} = {D064791A-815B-46C4-B5C3-1C16E216C22D}
		{61F4A8BD-9965-482A-AB44-CD401A7901F4} = {D064791A-815B-46C4-B5C3-1C16E216C22D}
		{5FC7ADBD-C8FB-4C53-9DC0-2CF2FB255592} = {5CA8AF3C-E3E6-42CD-B9A3-5C2173DDC80A}
		{6FAC567F-3A85-41FC-92B0-4BA27807AB8A} = {5CA8AF3C-E3E6-42CD-B9A3-5C2173DDC80A}
		{EB8BBB3A-3F36-43E1-AAE9-548CE2DE0348} = {67CFEDF1-A703-463E-A474-0DE36CE43829}
		{6C00C591-BCF9-454C-A539-0AA4FADEF259} = {61F4A8BD-9965-482A-AB44-CD401A7901F4}
	EndGlobalSection
	GlobalSection(ExtensibilityGlobals) = postSolution
		SolutionGuid = {FE7DB758-89DC-4C7B-8E71-39D955DC6679}
	EndGlobalSection
EndGlobal
